{
  "name": "odoo",
  "lockfileVersion": 3,
  "requires": true,
  "packages": {
    "": {
      "dependencies": {
        "react-speech-kit": "^3.0.1",
        "react-speech-to-text": "^1.1.1"
      }
    },
    "node_modules/react-speech-kit": {
      "version": "3.0.1",
      "resolved": "https://registry.npmjs.org/react-speech-kit/-/react-speech-kit-3.0.1.tgz",
      "integrity": "sha512-MXNOciISanhmnxpHJkBOev3M3NPDpW1T7nTc/eGw5pO9cXpoUccRxZkmr/IlpTPbPEneDNeTmbwri/YweyctZg==",
      "license": "MIT",
      "peerDependencies": {
        "prop-types": "^15.7.2",
        "react": "^16.8.0"
      }
    },
    "node_modules/react-speech-to-text": {
      "version": "1.1.1",
      "resolved": "https://registry.npmjs.org/react-speech-to-text/-/react-speech-to-text-1.1.1.tgz",
      "integrity": "sha512-uIBMD8++25VKxMpU4d88rGJwCLgTO9EPfJbILs/Y9jigg4uVSrKx3zUth+kyw6sS/vVCMXslIcryLtsEgUfDng==",
      "license": "MIT",
      "peerDependencies": {
        "react": ">=0.14",
        "react-dom": ">=0.14"
      }
    }
  }
}
